{
  "requires": true,
  "lockfileVersion": 1,
  "dependencies": {
    "@types/arcgis-js-api": {
      "version": "3.31.0",
      "resolved": "https://registry.npmjs.org/@types/arcgis-js-api/-/arcgis-js-api-3.31.0.tgz",
      "integrity": "sha512-IgpUhWi8ayIZwLZiMSy54ZtzU0W/gw9lOhlxW13Zyh1V4iqHK0kNtpFaDk2ByDWklIk+VDFq4Xi0egd5ePShKQ==",
      "dev": true
    },
    "@types/chai": {
      "version": "4.2.7",
      "resolved": "https://registry.npmjs.org/@types/chai/-/chai-4.2.7.tgz",
      "integrity": "sha512-luq8meHGYwvky0O7u0eQZdA7B4Wd9owUCqvbw2m3XCrCU8mplYOujMBbvyS547AxJkC+pGnd0Cm15eNxEUNU8g==",
      "dev": true
    },
    "dojo-typings": {
      "version": "1.11.9",
      "resolved": "https://registry.npmjs.org/dojo-typings/-/dojo-typings-1.11.9.tgz",
      "integrity": "sha512-mh8w+Mau2Y1QfTEszEAdO7j6ycNhYxF/Ing6nAk1eUg6NxjeT0viVHjICMd9sU3U463vM2G+KfBBK5grk3/Mlw==",
      "dev": true,
      "requires": {
        "@types/chai": "^4.0.4"
      }
    },
    "typescript": {
      "version": "3.8.0-dev.20200104",
      "resolved": "https://registry.npmjs.org/typescript/-/typescript-3.8.0-dev.20200104.tgz",
      "integrity": "sha512-Zdb8X1uzvUPrRvRBqega83NxqCuN/kyxuXG1u8BV10mGOqfwQb0SreSDoDDM1zUgrqFZ93neVh3DVyWTvx6XlA==",
      "dev": true
    }
  }
}
